
Microsoft Visual Studio Solution File, Format Version 12.00
# Visual Studio Version 17
VisualStudioVersion = 17.8.34511.84
MinimumVisualStudioVersion = 10.0.40219.1
Project("{FAE04EC0-301F-11D3-BF4B-00C04F79EFBC}") = "Auth", "Auth.csproj", "{F806655F-85E0-415C-94D8-9FCEB37517C6}"
EndProject
Global
	GlobalSection(SolutionConfigurationPlatforms) = preSolution
		Debug|Any CPU = Debug|Any CPU
		Release|Any CPU = Release|Any CPU
	EndGlobalSection
	GlobalSection(ProjectConfigurationPlatforms) = postSolution
		{F806655F-85E0-415C-94D8-9FCEB37517C6}.Debug|Any CPU.ActiveCfg = Debug|Any CPU
		{F806655F-85E0-415C-94D8-9FCEB37517C6}.Debug|Any CPU.Build.0 = Debug|Any CPU
		{F806655F-85E0-415C-94D8-9FCEB37517C6}.Release|Any CPU.ActiveCfg = Release|Any CPU
		{F806655F-85E0-415C-94D8-9FCEB37517C6}.Release|Any CPU.Build.0 = Release|Any CPU
	EndGlobalSection
	GlobalSection(SolutionProperties) = preSolution
		HideSolutionNode = FALSE
	EndGlobalSection
	GlobalSection(ExtensibilityGlobals) = postSolution
		SolutionGuid = {A63C1D51-8AFA-4CA0-9BB0-730647AE19B8}
	EndGlobalSection
EndGlobal
